// !$*UTF8*$!
{
	archiveVersion = 1;
	classes = {
	};
	objectVersion = 46;
	objects = {

/* Begin PBXBuildFile section */
		84595F661CEF313B003E9DAF /* PlaceListViewController.m in Sources */ = {isa = PBXBuildFile; fileRef = 84595F651CEF313B003E9DAF /* PlaceListViewController.m */; };
		845964C01CEF0F570070DC72 /* MenuRealizationViewController.m in Sources */ = {isa = PBXBuildFile; fileRef = 845964BF1CEF0F570070DC72 /* MenuRealizationViewController.m */; };
		84A515D31CEEF212008C6743 /* MenuViewController.m in Sources */ = {isa = PBXBuildFile; fileRef = 84A515D21CEEF212008C6743 /* MenuViewController.m */; };
		84A515D61CEEF5EA008C6743 /* RegistrateViewController.m in Sources */ = {isa = PBXBuildFile; fileRef = 84A515D51CEEF5EA008C6743 /* RegistrateViewController.m */; };
		84E55B751CEDDA8C004E8962 /* main.m in Sources */ = {isa = PBXBuildFile; fileRef = 84E55B741CEDDA8C004E8962 /* main.m */; };
		84E55B781CEDDA8C004E8962 /* AppDelegate.m in Sources */ = {isa = PBXBuildFile; fileRef = 84E55B771CEDDA8C004E8962 /* AppDelegate.m */; };
		84E55B7B1CEDDA8C004E8962 /* LoginViewController.m in Sources */ = {isa = PBXBuildFile; fileRef = 84E55B7A1CEDDA8C004E8962 /* LoginViewController.m */; };
		84E55B7E1CEDDA8C004E8962 /* Main.storyboard in Resources */ = {isa = PBXBuildFile; fileRef = 84E55B7C1CEDDA8C004E8962 /* Main.storyboard */; };
		84E55B811CEDDA8C004E8962 /* SnapIt.xcdatamodeld in Sources */ = {isa = PBXBuildFile; fileRef = 84E55B7F1CEDDA8C004E8962 /* SnapIt.xcdatamodeld */; };
		84E55B831CEDDA8C004E8962 /* Assets.xcassets in Resources */ = {isa = PBXBuildFile; fileRef = 84E55B821CEDDA8C004E8962 /* Assets.xcassets */; };
		84E55B861CEDDA8C004E8962 /* LaunchScreen.storyboard in Resources */ = {isa = PBXBuildFile; fileRef = 84E55B841CEDDA8C004E8962 /* LaunchScreen.storyboard */; };
		84E55B911CEDDA8C004E8962 /* SnapItTests.m in Sources */ = {isa = PBXBuildFile; fileRef = 84E55B901CEDDA8C004E8962 /* SnapItTests.m */; };
		84E55B9C1CEDDA8C004E8962 /* SnapItUITests.m in Sources */ = {isa = PBXBuildFile; fileRef = 84E55B9B1CEDDA8C004E8962 /* SnapItUITests.m */; };
		D0CE07A01CEDE1B000ECEC78 /* Place.m in Sources */ = {isa = PBXBuildFile; fileRef = D0CE079F1CEDE1B000ECEC78 /* Place.m */; };
		D0CE07A31CEDE1B000ECEC78 /* User.m in Sources */ = {isa = PBXBuildFile; fileRef = D0CE07A21CEDE1B000ECEC78 /* User.m */; };
		D0CE07A61CEDE1B000ECEC78 /* Rating.m in Sources */ = {isa = PBXBuildFile; fileRef = D0CE07A51CEDE1B000ECEC78 /* Rating.m */; };
		D0CE07A91CEDE1B000ECEC78 /* Picture.m in Sources */ = {isa = PBXBuildFile; fileRef = D0CE07A81CEDE1B000ECEC78 /* Picture.m */; };
/* End PBXBuildFile section */

/* Begin PBXContainerItemProxy section */
		84E55B8D1CEDDA8C004E8962 /* PBXContainerItemProxy */ = {
			isa = PBXContainerItemProxy;
			containerPortal = 84E55B681CEDDA8C004E8962 /* Project object */;
			proxyType = 1;
			remoteGlobalIDString = 84E55B6F1CEDDA8C004E8962;
			remoteInfo = SnapIt;
		};
		84E55B981CEDDA8C004E8962 /* PBXContainerItemProxy */ = {
			isa = PBXContainerItemProxy;
			containerPortal = 84E55B681CEDDA8C004E8962 /* Project object */;
			proxyType = 1;
			remoteGlobalIDString = 84E55B6F1CEDDA8C004E8962;
			remoteInfo = SnapIt;
		};
/* End PBXContainerItemProxy section */

/* Begin PBXFileReference section */
		84595F641CEF313B003E9DAF /* PlaceListViewController.h */ = {isa = PBXFileReference; fileEncoding = 4; lastKnownFileType = sourcecode.c.h; path = PlaceListViewController.h; sourceTree = "<group>"; };
		84595F651CEF313B003E9DAF /* PlaceListViewController.m */ = {isa = PBXFileReference; fileEncoding = 4; lastKnownFileType = sourcecode.c.objc; path = PlaceListViewController.m; sourceTree = "<group>"; };
		845964BE1CEF0F570070DC72 /* MenuRealizationViewController.h */ = {isa = PBXFileReference; fileEncoding = 4; lastKnownFileType = sourcecode.c.h; path = MenuRealizationViewController.h; sourceTree = "<group>"; };
		845964BF1CEF0F570070DC72 /* MenuRealizationViewController.m */ = {isa = PBXFileReference; fileEncoding = 4; lastKnownFileType = sourcecode.c.objc; path = MenuRealizationViewController.m; sourceTree = "<group>"; };
		84A515D11CEEF212008C6743 /* MenuViewController.h */ = {isa = PBXFileReference; fileEncoding = 4; lastKnownFileType = sourcecode.c.h; path = MenuViewController.h; sourceTree = "<group>"; };
		84A515D21CEEF212008C6743 /* MenuViewController.m */ = {isa = PBXFileReference; fileEncoding = 4; lastKnownFileType = sourcecode.c.objc; path = MenuViewController.m; sourceTree = "<group>"; };
		84A515D41CEEF5EA008C6743 /* RegistrateViewController.h */ = {isa = PBXFileReference; fileEncoding = 4; lastKnownFileType = sourcecode.c.h; path = RegistrateViewController.h; sourceTree = "<group>"; };
		84A515D51CEEF5EA008C6743 /* RegistrateViewController.m */ = {isa = PBXFileReference; fileEncoding = 4; lastKnownFileType = sourcecode.c.objc; path = RegistrateViewController.m; sourceTree = "<group>"; };
		84E55B701CEDDA8C004E8962 /* SnapIt.app */ = {isa = PBXFileReference; explicitFileType = wrapper.application; includeInIndex = 0; path = SnapIt.app; sourceTree = BUILT_PRODUCTS_DIR; };
		84E55B741CEDDA8C004E8962 /* main.m */ = {isa = PBXFileReference; lastKnownFileType = sourcecode.c.objc; path = main.m; sourceTree = "<group>"; };
		84E55B761CEDDA8C004E8962 /* AppDelegate.h */ = {isa = PBXFileReference; lastKnownFileType = sourcecode.c.h; path = AppDelegate.h; sourceTree = "<group>"; };
		84E55B771CEDDA8C004E8962 /* AppDelegate.m */ = {isa = PBXFileReference; lastKnownFileType = sourcecode.c.objc; path = AppDelegate.m; sourceTree = "<group>"; };
		84E55B791CEDDA8C004E8962 /* LoginViewController.h */ = {isa = PBXFileReference; lastKnownFileType = sourcecode.c.h; path = LoginViewController.h; sourceTree = "<group>"; };
		84E55B7A1CEDDA8C004E8962 /* LoginViewController.m */ = {isa = PBXFileReference; lastKnownFileType = sourcecode.c.objc; path = LoginViewController.m; sourceTree = "<group>"; };
		84E55B7D1CEDDA8C004E8962 /* Base */ = {isa = PBXFileReference; lastKnownFileType = file.storyboard; name = Base; path = Base.lproj/Main.storyboard; sourceTree = "<group>"; };
		84E55B801CEDDA8C004E8962 /* SnapIt.xcdatamodel */ = {isa = PBXFileReference; lastKnownFileType = wrapper.xcdatamodel; path = SnapIt.xcdatamodel; sourceTree = "<group>"; };
		84E55B821CEDDA8C004E8962 /* Assets.xcassets */ = {isa = PBXFileReference; lastKnownFileType = folder.assetcatalog; path = Assets.xcassets; sourceTree = "<group>"; };
		84E55B851CEDDA8C004E8962 /* Base */ = {isa = PBXFileReference; lastKnownFileType = file.storyboard; name = Base; path = Base.lproj/LaunchScreen.storyboard; sourceTree = "<group>"; };
		84E55B871CEDDA8C004E8962 /* Info.plist */ = {isa = PBXFileReference; lastKnownFileType = text.plist.xml; path = Info.plist; sourceTree = "<group>"; };
		84E55B8C1CEDDA8C004E8962 /* SnapItTests.xctest */ = {isa = PBXFileReference; explicitFileType = wrapper.cfbundle; includeInIndex = 0; path = SnapItTests.xctest; sourceTree = BUILT_PRODUCTS_DIR; };
		84E55B901CEDDA8C004E8962 /* SnapItTests.m */ = {isa = PBXFileReference; lastKnownFileType = sourcecode.c.objc; path = SnapItTests.m; sourceTree = "<group>"; };
		84E55B921CEDDA8C004E8962 /* Info.plist */ = {isa = PBXFileReference; lastKnownFileType = text.plist.xml; path = Info.plist; sourceTree = "<group>"; };
		84E55B971CEDDA8C004E8962 /* SnapItUITests.xctest */ = {isa = PBXFileReference; explicitFileType = wrapper.cfbundle; includeInIndex = 0; path = SnapItUITests.xctest; sourceTree = BUILT_PRODUCTS_DIR; };
		84E55B9B1CEDDA8C004E8962 /* SnapItUITests.m */ = {isa = PBXFileReference; lastKnownFileType = sourcecode.c.objc; path = SnapItUITests.m; sourceTree = "<group>"; };
		84E55B9D1CEDDA8C004E8962 /* Info.plist */ = {isa = PBXFileReference; lastKnownFileType = text.plist.xml; path = Info.plist; sourceTree = "<group>"; };
		D0CE079E1CEDE1B000ECEC78 /* Place.h */ = {isa = PBXFileReference; fileEncoding = 4; lastKnownFileType = sourcecode.c.h; path = Place.h; sourceTree = "<group>"; };
		D0CE079F1CEDE1B000ECEC78 /* Place.m */ = {isa = PBXFileReference; fileEncoding = 4; lastKnownFileType = sourcecode.c.objc; path = Place.m; sourceTree = "<group>"; };
		D0CE07A11CEDE1B000ECEC78 /* User.h */ = {isa = PBXFileReference; fileEncoding = 4; lastKnownFileType = sourcecode.c.h; path = User.h; sourceTree = "<group>"; };
		D0CE07A21CEDE1B000ECEC78 /* User.m */ = {isa = PBXFileReference; fileEncoding = 4; lastKnownFileType = sourcecode.c.objc; path = User.m; sourceTree = "<group>"; };
		D0CE07A41CEDE1B000ECEC78 /* Rating.h */ = {isa = PBXFileReference; fileEncoding = 4; lastKnownFileType = sourcecode.c.h; path = Rating.h; sourceTree = "<group>"; };
		D0CE07A51CEDE1B000ECEC78 /* Rating.m */ = {isa = PBXFileReference; fileEncoding = 4; lastKnownFileType = sourcecode.c.objc; path = Rating.m; sourceTree = "<group>"; };
		D0CE07A71CEDE1B000ECEC78 /* Picture.h */ = {isa = PBXFileReference; fileEncoding = 4; lastKnownFileType = sourcecode.c.h; path = Picture.h; sourceTree = "<group>"; };
		D0CE07A81CEDE1B000ECEC78 /* Picture.m */ = {isa = PBXFileReference; fileEncoding = 4; lastKnownFileType = sourcecode.c.objc; path = Picture.m; sourceTree = "<group>"; };
/* End PBXFileReference section */

/* Begin PBXFrameworksBuildPhase section */
		84E55B6D1CEDDA8C004E8962 /* Frameworks */ = {
			isa = PBXFrameworksBuildPhase;
			buildActionMask = 2147483647;
			files = (
			);
			runOnlyForDeploymentPostprocessing = 0;
		};
		84E55B891CEDDA8C004E8962 /* Frameworks */ = {
			isa = PBXFrameworksBuildPhase;
			buildActionMask = 2147483647;
			files = (
			);
			runOnlyForDeploymentPostprocessing = 0;
		};
		84E55B941CEDDA8C004E8962 /* Frameworks */ = {
			isa = PBXFrameworksBuildPhase;
			buildActionMask = 2147483647;
			files = (
			);
			runOnlyForDeploymentPostprocessing = 0;
		};
/* End PBXFrameworksBuildPhase section */

/* Begin PBXGroup section */
		84E55B671CEDDA8C004E8962 = {
			isa = PBXGroup;
			children = (
				84E55B721CEDDA8C004E8962 /* SnapIt */,
				84E55B8F1CEDDA8C004E8962 /* SnapItTests */,
				84E55B9A1CEDDA8C004E8962 /* SnapItUITests */,
				84E55B711CEDDA8C004E8962 /* Products */,
			);
			sourceTree = "<group>";
		};
		84E55B711CEDDA8C004E8962 /* Products */ = {
			isa = PBXGroup;
			children = (
				84E55B701CEDDA8C004E8962 /* SnapIt.app */,
				84E55B8C1CEDDA8C004E8962 /* SnapItTests.xctest */,
				84E55B971CEDDA8C004E8962 /* SnapItUITests.xctest */,
			);
			name = Products;
			sourceTree = "<group>";
		};
		84E55B721CEDDA8C004E8962 /* SnapIt */ = {
			isa = PBXGroup;
			children = (
				84E55B761CEDDA8C004E8962 /* AppDelegate.h */,
				84A515D41CEEF5EA008C6743 /* RegistrateViewController.h */,
				84A515D51CEEF5EA008C6743 /* RegistrateViewController.m */,
				84E55B771CEDDA8C004E8962 /* AppDelegate.m */,
				84E55B791CEDDA8C004E8962 /* LoginViewController.h */,
				84E55B7A1CEDDA8C004E8962 /* LoginViewController.m */,
				84E55B7C1CEDDA8C004E8962 /* Main.storyboard */,
				84595F641CEF313B003E9DAF /* PlaceListViewController.h */,
				84595F651CEF313B003E9DAF /* PlaceListViewController.m */,
				845964BE1CEF0F570070DC72 /* MenuRealizationViewController.h */,
				845964BF1CEF0F570070DC72 /* MenuRealizationViewController.m */,
				84A515D11CEEF212008C6743 /* MenuViewController.h */,
				84A515D21CEEF212008C6743 /* MenuViewController.m */,
				84E55B821CEDDA8C004E8962 /* Assets.xcassets */,
				84E55B841CEDDA8C004E8962 /* LaunchScreen.storyboard */,
				84E55B871CEDDA8C004E8962 /* Info.plist */,
				84E55B7F1CEDDA8C004E8962 /* SnapIt.xcdatamodeld */,
				D0CE07A71CEDE1B000ECEC78 /* Picture.h */,
				D0CE07A81CEDE1B000ECEC78 /* Picture.m */,
				D0CE07A41CEDE1B000ECEC78 /* Rating.h */,
				D0CE07A51CEDE1B000ECEC78 /* Rating.m */,
				D0CE07A11CEDE1B000ECEC78 /* User.h */,
				D0CE07A21CEDE1B000ECEC78 /* User.m */,
				D0CE079E1CEDE1B000ECEC78 /* Place.h */,
				D0CE079F1CEDE1B000ECEC78 /* Place.m */,
				84E55B731CEDDA8C004E8962 /* Supporting Files */,
			);
			path = SnapIt;
			sourceTree = "<group>";
		};
		84E55B731CEDDA8C004E8962 /* Supporting Files */ = {
			isa = PBXGroup;
			children = (
				84E55B741CEDDA8C004E8962 /* main.m */,
			);
			name = "Supporting Files";
			sourceTree = "<group>";
		};
		84E55B8F1CEDDA8C004E8962 /* SnapItTests */ = {
			isa = PBXGroup;
			children = (
				84E55B901CEDDA8C004E8962 /* SnapItTests.m */,
				84E55B921CEDDA8C004E8962 /* Info.plist */,
			);
			path = SnapItTests;
			sourceTree = "<group>";
		};
		84E55B9A1CEDDA8C004E8962 /* SnapItUITests */ = {
			isa = PBXGroup;
			children = (
				84E55B9B1CEDDA8C004E8962 /* SnapItUITests.m */,
				84E55B9D1CEDDA8C004E8962 /* Info.plist */,
			);
			path = SnapItUITests;
			sourceTree = "<group>";
		};
/* End PBXGroup section */

/* Begin PBXNativeTarget section */
		84E55B6F1CEDDA8C004E8962 /* SnapIt */ = {
			isa = PBXNativeTarget;
			buildConfigurationList = 84E55BA01CEDDA8C004E8962 /* Build configuration list for PBXNativeTarget "SnapIt" */;
			buildPhases = (
				84E55B6C1CEDDA8C004E8962 /* Sources */,
				84E55B6D1CEDDA8C004E8962 /* Frameworks */,
				84E55B6E1CEDDA8C004E8962 /* Resources */,
			);
			buildRules = (
			);
			dependencies = (
			);
			name = SnapIt;
			productName = SnapIt;
			productReference = 84E55B701CEDDA8C004E8962 /* SnapIt.app */;
			productType = "com.apple.product-type.application";
		};
		84E55B8B1CEDDA8C004E8962 /* SnapItTests */ = {
			isa = PBXNativeTarget;
			buildConfigurationList = 84E55BA31CEDDA8C004E8962 /* Build configuration list for PBXNativeTarget "SnapItTests" */;
			buildPhases = (
				84E55B881CEDDA8C004E8962 /* Sources */,
				84E55B891CEDDA8C004E8962 /* Frameworks */,
				84E55B8A1CEDDA8C004E8962 /* Resources */,
			);
			buildRules = (
			);
			dependencies = (
				84E55B8E1CEDDA8C004E8962 /* PBXTargetDependency */,
			);
			name = SnapItTests;
			productName = SnapItTests;
			productReference = 84E55B8C1CEDDA8C004E8962 /* SnapItTests.xctest */;
			productType = "com.apple.product-type.bundle.unit-test";
		};
		84E55B961CEDDA8C004E8962 /* SnapItUITests */ = {
			isa = PBXNativeTarget;
			buildConfigurationList = 84E55BA61CEDDA8C004E8962 /* Build configuration list for PBXNativeTarget "SnapItUITests" */;
			buildPhases = (
				84E55B931CEDDA8C004E8962 /* Sources */,
				84E55B941CEDDA8C004E8962 /* Frameworks */,
				84E55B951CEDDA8C004E8962 /* Resources */,
			);
			buildRules = (
			);
			dependencies = (
				84E55B991CEDDA8C004E8962 /* PBXTargetDependency */,
			);
			name = SnapItUITests;
			productName = SnapItUITests;
			productReference = 84E55B971CEDDA8C004E8962 /* SnapItUITests.xctest */;
			productType = "com.apple.product-type.bundle.ui-testing";
		};
/* End PBXNativeTarget section */

/* Begin PBXProject section */
		84E55B681CEDDA8C004E8962 /* Project object */ = {
			isa = PBXProject;
			attributes = {
				LastUpgradeCheck = 0720;
				ORGANIZATIONNAME = "Alex Zhidkov";
				TargetAttributes = {
					84E55B6F1CEDDA8C004E8962 = {
						CreatedOnToolsVersion = 7.2.1;
					};
					84E55B8B1CEDDA8C004E8962 = {
						CreatedOnToolsVersion = 7.2.1;
						TestTargetID = 84E55B6F1CEDDA8C004E8962;
					};
					84E55B961CEDDA8C004E8962 = {
						CreatedOnToolsVersion = 7.2.1;
						TestTargetID = 84E55B6F1CEDDA8C004E8962;
					};
				};
			};
			buildConfigurationList = 84E55B6B1CEDDA8C004E8962 /* Build configuration list for PBXProject "SnapIt" */;
			compatibilityVersion = "Xcode 3.2";
			developmentRegion = English;
			hasScannedForEncodings = 0;
			knownRegions = (
				en,
				Base,
			);
			mainGroup = 84E55B671CEDDA8C004E8962;
			productRefGroup = 84E55B711CEDDA8C004E8962 /* Products */;
			projectDirPath = "";
			projectRoot = "";
			targets = (
				84E55B6F1CEDDA8C004E8962 /* SnapIt */,
				84E55B8B1CEDDA8C004E8962 /* SnapItTests */,
				84E55B961CEDDA8C004E8962 /* SnapItUITests */,
			);
		};
/* End PBXProject section */

/* Begin PBXResourcesBuildPhase section */
		84E55B6E1CEDDA8C004E8962 /* Resources */ = {
			isa = PBXResourcesBuildPhase;
			buildActionMask = 2147483647;
			files = (
				84E55B861CEDDA8C004E8962 /* LaunchScreen.storyboard in Resources */,
				84E55B831CEDDA8C004E8962 /* Assets.xcassets in Resources */,
				84E55B7E1CEDDA8C004E8962 /* Main.storyboard in Resources */,
			);
			runOnlyForDeploymentPostprocessing = 0;
		};
		84E55B8A1CEDDA8C004E8962 /* Resources */ = {
			isa = PBXResourcesBuildPhase;
			buildActionMask = 2147483647;
			files = (
			);
			runOnlyForDeploymentPostprocessing = 0;
		};
		84E55B951CEDDA8C004E8962 /* Resources */ = {
			isa = PBXResourcesBuildPhase;
			buildActionMask = 2147483647;
			files = (
			);
			runOnlyForDeploymentPostprocessing = 0;
		};
/* End PBXResourcesBuildPhase section */

/* Begin PBXSourcesBuildPhase section */
		84E55B6C1CEDDA8C004E8962 /* Sources */ = {
			isa = PBXSourcesBuildPhase;
			buildActionMask = 2147483647;
			files = (
				845964C01CEF0F570070DC72 /* MenuRealizationViewController.m in Sources */,
				84A515D31CEEF212008C6743 /* MenuViewController.m in Sources */,
				D0CE07A91CEDE1B000ECEC78 /* Picture.m in Sources */,
				D0CE07A01CEDE1B000ECEC78 /* Place.m in Sources */,
				84E55B7B1CEDDA8C004E8962 /* LoginViewController.m in Sources */,
				84A515D61CEEF5EA008C6743 /* RegistrateViewController.m in Sources */,
				D0CE07A31CEDE1B000ECEC78 /* User.m in Sources */,
				84E55B781CEDDA8C004E8962 /* AppDelegate.m in Sources */,
				84595F661CEF313B003E9DAF /* PlaceListViewController.m in Sources */,
				84E55B811CEDDA8C004E8962 /* SnapIt.xcdatamodeld in Sources */,
				D0CE07A61CEDE1B000ECEC78 /* Rating.m in Sources */,
				84E55B751CEDDA8C004E8962 /* main.m in Sources */,
			);
			runOnlyForDeploymentPostprocessing = 0;
		};
		84E55B881CEDDA8C004E8962 /* Sources */ = {
			isa = PBXSourcesBuildPhase;
			buildActionMask = 2147483647;
			files = (
				84E55B911CEDDA8C004E8962 /* SnapItTests.m in Sources */,
			);
			runOnlyForDeploymentPostprocessing = 0;
		};
		84E55B931CEDDA8C004E8962 /* Sources */ = {
			isa = PBXSourcesBuildPhase;
			buildActionMask = 2147483647;
			files = (
				84E55B9C1CEDDA8C004E8962 /* SnapItUITests.m in Sources */,
			);
			runOnlyForDeploymentPostprocessing = 0;
		};
/* End PBXSourcesBuildPhase section */

/* Begin PBXTargetDependency section */
		84E55B8E1CEDDA8C004E8962 /* PBXTargetDependency */ = {
			isa = PBXTargetDependency;
			target = 84E55B6F1CEDDA8C004E8962 /* SnapIt */;
			targetProxy = 84E55B8D1CEDDA8C004E8962 /* PBXContainerItemProxy */;
		};
		84E55B991CEDDA8C004E8962 /* PBXTargetDependency */ = {
			isa = PBXTargetDependency;
			target = 84E55B6F1CEDDA8C004E8962 /* SnapIt */;
			targetProxy = 84E55B981CEDDA8C004E8962 /* PBXContainerItemProxy */;
		};
/* End PBXTargetDependency section */

/* Begin PBXVariantGroup section */
		84E55B7C1CEDDA8C004E8962 /* Main.storyboard */ = {
			isa = PBXVariantGroup;
			children = (
				84E55B7D1CEDDA8C004E8962 /* Base */,
			);
			name = Main.storyboard;
			sourceTree = "<group>";
		};
		84E55B841CEDDA8C004E8962 /* LaunchScreen.storyboard */ = {
			isa = PBXVariantGroup;
			children = (
				84E55B851CEDDA8C004E8962 /* Base */,
			);
			name = LaunchScreen.storyboard;
			sourceTree = "<group>";
		};
/* End PBXVariantGroup section */

/* Begin XCBuildConfiguration section */
		84E55B9E1CEDDA8C004E8962 /* Debug */ = {
			isa = XCBuildConfiguration;
			buildSettings = {
				ALWAYS_SEARCH_USER_PATHS = NO;
				CLANG_CXX_LANGUAGE_STANDARD = "gnu++0x";
				CLANG_CXX_LIBRARY = "libc++";
				CLANG_ENABLE_MODULES = YES;
				CLANG_ENABLE_OBJC_ARC = YES;
				CLANG_WARN_BOOL_CONVERSION = YES;
				CLANG_WARN_CONSTANT_CONVERSION = YES;
				CLANG_WARN_DIRECT_OBJC_ISA_USAGE = YES_ERROR;
				CLANG_WARN_EMPTY_BODY = YES;
				CLANG_WARN_ENUM_CONVERSION = YES;
				CLANG_WARN_INT_CONVERSION = YES;
				CLANG_WARN_OBJC_ROOT_CLASS = YES_ERROR;
				CLANG_WARN_UNREACHABLE_CODE = YES;
				CLANG_WARN__DUPLICATE_METHOD_MATCH = YES;
				"CODE_SIGN_IDENTITY[sdk=iphoneos*]" = "iPhone Developer";
				COPY_PHASE_STRIP = NO;
				DEBUG_INFORMATION_FORMAT = dwarf;
				ENABLE_STRICT_OBJC_MSGSEND = YES;
				ENABLE_TESTABILITY = YES;
				GCC_C_LANGUAGE_STANDARD = gnu99;
				GCC_DYNAMIC_NO_PIC = NO;
				GCC_NO_COMMON_BLOCKS = YES;
				GCC_OPTIMIZATION_LEVEL = 0;
				GCC_PREPROCESSOR_DEFINITIONS = (
					"DEBUG=1",
					"$(inherited)",
				);
				GCC_WARN_64_TO_32_BIT_CONVERSION = YES;
				GCC_WARN_ABOUT_RETURN_TYPE = YES_ERROR;
				GCC_WARN_UNDECLARED_SELECTOR = YES;
				GCC_WARN_UNINITIALIZED_AUTOS = YES_AGGRESSIVE;
				GCC_WARN_UNUSED_FUNCTION = YES;
				GCC_WARN_UNUSED_VARIABLE = YES;
				IPHONEOS_DEPLOYMENT_TARGET = 9.2;
				MTL_ENABLE_DEBUG_INFO = YES;
				ONLY_ACTIVE_ARCH = YES;
				SDKROOT = iphoneos;
			};
			name = Debug;
		};
		84E55B9F1CEDDA8C004E8962 /* Release */ = {
			isa = XCBuildConfiguration;
			buildSettings = {
				ALWAYS_SEARCH_USER_PATHS = NO;
				CLANG_CXX_LANGUAGE_STANDARD = "gnu++0x";
				CLANG_CXX_LIBRARY = "libc++";
				CLANG_ENABLE_MODULES = YES;
				CLANG_ENABLE_OBJC_ARC = YES;
				CLANG_WARN_BOOL_CONVERSION = YES;
				CLANG_WARN_CONSTANT_CONVERSION = YES;
				CLANG_WARN_DIRECT_OBJC_ISA_USAGE = YES_ERROR;
				CLANG_WARN_EMPTY_BODY = YES;
				CLANG_WARN_ENUM_CONVERSION = YES;
				CLANG_WARN_INT_CONVERSION = YES;
				CLANG_WARN_OBJC_ROOT_CLASS = YES_ERROR;
				CLANG_WARN_UNREACHABLE_CODE = YES;
				CLANG_WARN__DUPLICATE_METHOD_MATCH = YES;
				"CODE_SIGN_IDENTITY[sdk=iphoneos*]" = "iPhone Developer";
				COPY_PHASE_STRIP = NO;
				DEBUG_INFORMATION_FORMAT = "dwarf-with-dsym";
				ENABLE_NS_ASSERTIONS = NO;
				ENABLE_STRICT_OBJC_MSGSEND = YES;
				GCC_C_LANGUAGE_STANDARD = gnu99;
				GCC_NO_COMMON_BLOCKS = YES;
				GCC_WARN_64_TO_32_BIT_CONVERSION = YES;
				GCC_WARN_ABOUT_RETURN_TYPE = YES_ERROR;
				GCC_WARN_UNDECLARED_SELECTOR = YES;
				GCC_WARN_UNINITIALIZED_AUTOS = YES_AGGRESSIVE;
				GCC_WARN_UNUSED_FUNCTION = YES;
				GCC_WARN_UNUSED_VARIABLE = YES;
				IPHONEOS_DEPLOYMENT_TARGET = 9.2;
				MTL_ENABLE_DEBUG_INFO = NO;
				SDKROOT = iphoneos;
				VALIDATE_PRODUCT = YES;
			};
			name = Release;
		};
		84E55BA11CEDDA8C004E8962 /* Debug */ = {
			isa = XCBuildConfiguration;
			buildSettings = {
				ASSETCATALOG_COMPILER_APPICON_NAME = AppIcon;
				INFOPLIST_FILE = SnapIt/Info.plist;
				LD_RUNPATH_SEARCH_PATHS = "$(inherited) @executable_path/Frameworks";
				PRODUCT_BUNDLE_IDENTIFIER = alexZhidkov.SnapIt;
				PRODUCT_NAME = "$(TARGET_NAME)";
			};
			name = Debug;
		};
		84E55BA21CEDDA8C004E8962 /* Release */ = {
			isa = XCBuildConfiguration;
			buildSettings = {
				ASSETCATALOG_COMPILER_APPICON_NAME = AppIcon;
				INFOPLIST_FILE = SnapIt/Info.plist;
				LD_RUNPATH_SEARCH_PATHS = "$(inherited) @executable_path/Frameworks";
				PRODUCT_BUNDLE_IDENTIFIER = alexZhidkov.SnapIt;
				PRODUCT_NAME = "$(TARGET_NAME)";
			};
			name = Release;
		};
		84E55BA41CEDDA8C004E8962 /* Debug */ = {
			isa = XCBuildConfiguration;
			buildSettings = {
				BUNDLE_LOADER = "$(TEST_HOST)";
				INFOPLIST_FILE = SnapItTests/Info.plist;
				LD_RUNPATH_SEARCH_PATHS = "$(inherited) @executable_path/Frameworks @loader_path/Frameworks";
				PRODUCT_BUNDLE_IDENTIFIER = alexZhidkov.SnapItTests;
				PRODUCT_NAME = "$(TARGET_NAME)";
				TEST_HOST = "$(BUILT_PRODUCTS_DIR)/SnapIt.app/SnapIt";
			};
			name = Debug;
		};
		84E55BA51CEDDA8C004E8962 /* Release */ = {
			isa = XCBuildConfiguration;
			buildSettings = {
				BUNDLE_LOADER = "$(TEST_HOST)";
				INFOPLIST_FILE = SnapItTests/Info.plist;
				LD_RUNPATH_SEARCH_PATHS = "$(inherited) @executable_path/Frameworks @loader_path/Frameworks";
				PRODUCT_BUNDLE_IDENTIFIER = alexZhidkov.SnapItTests;
				PRODUCT_NAME = "$(TARGET_NAME)";
				TEST_HOST = "$(BUILT_PRODUCTS_DIR)/SnapIt.app/SnapIt";
			};
			name = Release;
		};
		84E55BA71CEDDA8C004E8962 /* Debug */ = {
			isa = XCBuildConfiguration;
			buildSettings = {
				INFOPLIST_FILE = SnapItUITests/Info.plist;
				LD_RUNPATH_SEARCH_PATHS = "$(inherited) @executable_path/Frameworks @loader_path/Frameworks";
				PRODUCT_BUNDLE_IDENTIFIER = alexZhidkov.SnapItUITests;
				PRODUCT_NAME = "$(TARGET_NAME)";
				TEST_TARGET_NAME = SnapIt;
				USES_XCTRUNNER = YES;
			};
			name = Debug;
		};
		84E55BA81CEDDA8C004E8962 /* Release */ = {
			isa = XCBuildConfiguration;
			buildSettings = {
				INFOPLIST_FILE = SnapItUITests/Info.plist;
				LD_RUNPATH_SEARCH_PATHS = "$(inherited) @executable_path/Frameworks @loader_path/Frameworks";
				PRODUCT_BUNDLE_IDENTIFIER = alexZhidkov.SnapItUITests;
				PRODUCT_NAME = "$(TARGET_NAME)";
				TEST_TARGET_NAME = SnapIt;
				USES_XCTRUNNER = YES;
			};
			name = Release;
		};
/* End XCBuildConfiguration section */

/* Begin XCConfigurationList section */
		84E55B6B1CEDDA8C004E8962 /* Build configuration list for PBXProject "SnapIt" */ = {
			isa = XCConfigurationList;
			buildConfigurations = (
				84E55B9E1CEDDA8C004E8962 /* Debug */,
				84E55B9F1CEDDA8C004E8962 /* Release */,
			);
			defaultConfigurationIsVisible = 0;
			defaultConfigurationName = Release;
		};
		84E55BA01CEDDA8C004E8962 /* Build configuration list for PBXNativeTarget "SnapIt" */ = {
			isa = XCConfigurationList;
			buildConfigurations = (
				84E55BA11CEDDA8C004E8962 /* Debug */,
				84E55BA21CEDDA8C004E8962 /* Release */,
			);
			defaultConfigurationIsVisible = 0;
			defaultConfigurationName = Release;
		};
		84E55BA31CEDDA8C004E8962 /* Build configuration list for PBXNativeTarget "SnapItTests" */ = {
			isa = XCConfigurationList;
			buildConfigurations = (
				84E55BA41CEDDA8C004E8962 /* Debug */,
				84E55BA51CEDDA8C004E8962 /* Release */,
			);
			defaultConfigurationIsVisible = 0;
			defaultConfigurationName = Release;
		};
		84E55BA61CEDDA8C004E8962 /* Build configuration list for PBXNativeTarget "SnapItUITests" */ = {
			isa = XCConfigurationList;
			buildConfigurations = (
				84E55BA71CEDDA8C004E8962 /* Debug */,
				84E55BA81CEDDA8C004E8962 /* Release */,
			);
			defaultConfigurationIsVisible = 0;
			defaultConfigurationName = Release;
		};
/* End XCConfigurationList section */

/* Begin XCVersionGroup section */
		84E55B7F1CEDDA8C004E8962 /* SnapIt.xcdatamodeld */ = {
			isa = XCVersionGroup;
			children = (
				84E55B801CEDDA8C004E8962 /* SnapIt.xcdatamodel */,
			);
			currentVersion = 84E55B801CEDDA8C004E8962 /* SnapIt.xcdatamodel */;
			path = SnapIt.xcdatamodeld;
			sourceTree = "<group>";
			versionGroupType = wrapper.xcdatamodel;
		};
/* End XCVersionGroup section */
	};
	rootObject = 84E55B681CEDDA8C004E8962 /* Project object */;
}
